
Microsoft Visual Studio Solution File, Format Version 12.00
# Visual Studio Version 17
VisualStudioVersion = 17.5.33414.496
MinimumVisualStudioVersion = 10.0.40219.1
Project("{9A19103F-16F7-4668-BE54-9A1E7A4F7556}") = "DBLibrary", "SQLHMLibrary\DBLibrary.csproj", "{C5E5720B-ED64-4D1F-8CD9-4E1ECAFDE1F9}"
EndProject
Project("{00D1A9C2-B5F0-4AF3-8072-F6C62B433612}") = "SQLHMDataBase", "SQLHMDataBase\SQLHMDataBase.sqlproj", "{90DA7AED-7E78-4341-8238-1AA0D37956AD}"
EndProject
Project("{9A19103F-16F7-4668-BE54-9A1E7A4F7556}") = "MySqlUI", "MySqlUI\MySqlUI.csproj", "{00394115-B681-484F-A120-313B05CFE24A}"
EndProject
Project("{9A19103F-16F7-4668-BE54-9A1E7A4F7556}") = "DataBaseWPFUI", "DataBaseWPFUI\DataBaseWPFUI.csproj", "{E4C125F9-9CB4-4B05-BB91-632F676958BE}"
EndProject
Global
	GlobalSection(SolutionConfigurationPlatforms) = preSolution
		Debug|Any CPU = Debug|Any CPU
		Release|Any CPU = Release|Any CPU
	EndGlobalSection
	GlobalSection(ProjectConfigurationPlatforms) = postSolution
		{C5E5720B-ED64-4D1F-8CD9-4E1ECAFDE1F9}.Debug|Any CPU.ActiveCfg = Debug|Any CPU
		{C5E5720B-ED64-4D1F-8CD9-4E1ECAFDE1F9}.Debug|Any CPU.Build.0 = Debug|Any CPU
		{C5E5720B-ED64-4D1F-8CD9-4E1ECAFDE1F9}.Release|Any CPU.ActiveCfg = Release|Any CPU
		{C5E5720B-ED64-4D1F-8CD9-4E1ECAFDE1F9}.Release|Any CPU.Build.0 = Release|Any CPU
		{90DA7AED-7E78-4341-8238-1AA0D37956AD}.Debug|Any CPU.ActiveCfg = Debug|Any CPU
		{90DA7AED-7E78-4341-8238-1AA0D37956AD}.Debug|Any CPU.Build.0 = Debug|Any CPU
		{90DA7AED-7E78-4341-8238-1AA0D37956AD}.Debug|Any CPU.Deploy.0 = Debug|Any CPU
		{90DA7AED-7E78-4341-8238-1AA0D37956AD}.Release|Any CPU.ActiveCfg = Release|Any CPU
		{90DA7AED-7E78-4341-8238-1AA0D37956AD}.Release|Any CPU.Build.0 = Release|Any CPU
		{90DA7AED-7E78-4341-8238-1AA0D37956AD}.Release|Any CPU.Deploy.0 = Release|Any CPU
		{00394115-B681-484F-A120-313B05CFE24A}.Debug|Any CPU.ActiveCfg = Debug|Any CPU
		{00394115-B681-484F-A120-313B05CFE24A}.Debug|Any CPU.Build.0 = Debug|Any CPU
		{00394115-B681-484F-A120-313B05CFE24A}.Release|Any CPU.ActiveCfg = Release|Any CPU
		{00394115-B681-484F-A120-313B05CFE24A}.Release|Any CPU.Build.0 = Release|Any CPU
		{E4C125F9-9CB4-4B05-BB91-632F676958BE}.Debug|Any CPU.ActiveCfg = Debug|Any CPU
		{E4C125F9-9CB4-4B05-BB91-632F676958BE}.Debug|Any CPU.Build.0 = Debug|Any CPU
		{E4C125F9-9CB4-4B05-BB91-632F676958BE}.Release|Any CPU.ActiveCfg = Release|Any CPU
		{E4C125F9-9CB4-4B05-BB91-632F676958BE}.Release|Any CPU.Build.0 = Release|Any CPU
	EndGlobalSection
	GlobalSection(SolutionProperties) = preSolution
		HideSolutionNode = FALSE
	EndGlobalSection
	GlobalSection(ExtensibilityGlobals) = postSolution
		SolutionGuid = {A0035ED8-6CFC-425F-803E-2AF966FB8F9C}
	EndGlobalSection
EndGlobal
